hash: aeca38dc8fe10108eaa5380b8449847bfa4885d31ac7fe95eb3e78e51c6b6836
updated: 2016-03-15T23:05:30.571141141+03:00
imports:
- name: github.com/cavaliercoder/grab
  version: 7381b99b8aae6f1c520bebd8274117d936c61fb8
- name: github.com/codegangsta/cli
  version: aca5b047ed14d17224157c3434ea93bf6cdaadee
- name: github.com/gosuri/uilive
  version: efb88ccd059957c48f24f9d351d33a0eb00ede41
- name: github.com/jteeuwen/go-pkg-rss
  version: 72391e6fd7384785fa3c46a405214a616d6c4a1d
- name: github.com/jteeuwen/go-pkg-xmlx
  version: 76f54ee73233b171ca9ee82ef837a1fc4d3809c0
- name: github.com/robfig/config
  version: 0f78529c8c7e3e9a25f15876532ecbc07c7d99e6
- name: github.com/shiena/ansicolor
  version: a422bbe96644373c5753384a59d678f7d261ff10
devImports: []
