hash: 4c9425dca7f36e5e2f4d68c462df024694584f84847723c8225512407316c9c7
updated: 2016-06-16T19:30:18.3726256+03:00
imports:
- name: github.com/cavaliercoder/grab
  version: 7381b99b8aae6f1c520bebd8274117d936c61fb8
- name: github.com/codegangsta/cli
  version: aca5b047ed14d17224157c3434ea93bf6cdaadee
- name: github.com/fatih/color
  version: 4f7bcef27eec7925456d0c30c5e7b0408b3339be
- name: github.com/go-ini/ini
  version: 72ba3e6b9e6b87e0c74c9a7a4dc86e8dd8ba4355
- name: github.com/gosuri/uilive
  version: efb88ccd059957c48f24f9d351d33a0eb00ede41
- name: github.com/iamthemuffinman/logsip
  version: 413712839ca23745aa3e2c27e210f906fefa38c8
- name: github.com/jteeuwen/go-pkg-rss
  version: 72391e6fd7384785fa3c46a405214a616d6c4a1d
- name: github.com/jteeuwen/go-pkg-xmlx
  version: 76f54ee73233b171ca9ee82ef837a1fc4d3809c0
- name: github.com/mattn/go-colorable
  version: 9cbef7c35391cca05f15f8181dc0b18bc9736dbb
  repo: https://github.com/mattn/go-colorable
- name: github.com/mattn/go-isatty
  version: 56b76bdf51f7708750eac80fa38b952bb9f32639
  repo: https://github.com/mattn/go-isatty
- name: github.com/urfave/cli
  version: 06a850dff5bf1a4104835699e31067cc8103fcf7
- name: golang.org/x/sys
  version: 442cd600860ce722f6615730eb008a37a87b13ee
  subpackages:
  - unix
devImports: []
